
Microsoft Visual Studio Solution File, Format Version 12.00
# Visual Studio Version 17
VisualStudioVersion = 17.14.36119.2 d17.14
MinimumVisualStudioVersion = 10.0.40219.1
Project("{FAE04EC0-301F-11D3-BF4B-00C04F79EFBC}") = "KMTWalks.API", "KMTWalks.API\KMTWalks.API.csproj", "{340A3FE7-5DD8-42E4-87DF-90BECC093338}"
EndProject
Global
	GlobalSection(SolutionConfigurationPlatforms) = preSolution
		Debug|Any CPU = Debug|Any CPU
		Release|Any CPU = Release|Any CPU
	EndGlobalSection
	GlobalSection(ProjectConfigurationPlatforms) = postSolution
		{340A3FE7-5DD8-42E4-87DF-90BECC093338}.Debug|Any CPU.ActiveCfg = Debug|Any CPU
		{340A3FE7-5DD8-42E4-87DF-90BECC093338}.Debug|Any CPU.Build.0 = Debug|Any CPU
		{340A3FE7-5DD8-42E4-87DF-90BECC093338}.Release|Any CPU.ActiveCfg = Release|Any CPU
		{340A3FE7-5DD8-42E4-87DF-90BECC093338}.Release|Any CPU.Build.0 = Release|Any CPU
	EndGlobalSection
	GlobalSection(SolutionProperties) = preSolution
		HideSolutionNode = FALSE
	EndGlobalSection
	GlobalSection(ExtensibilityGlobals) = postSolution
		SolutionGuid = {B59152D6-2CD0-48C2-93A9-70260E87C56E}
	EndGlobalSection
EndGlobal
